
Microsoft Visual Studio Solution File, Format Version 12.00
# Visual Studio Version 16
VisualStudioVersion = 16.0.29728.190
MinimumVisualStudioVersion = 10.0.40219.1
Project("{FAE04EC0-301F-11D3-BF4B-00C04F79EFBC}") = "WeightForWeight", "WeightForWeight\WeightForWeight.csproj", "{189FF034-2B70-459C-8118-EC755F2B08EE}"
EndProject
Global
	GlobalSection(SolutionConfigurationPlatforms) = preSolution
		Debug|Any CPU = Debug|Any CPU
		Release|Any CPU = Release|Any CPU
	EndGlobalSection
	GlobalSection(ProjectConfigurationPlatforms) = postSolution
		{189FF034-2B70-459C-8118-EC755F2B08EE}.Debug|Any CPU.ActiveCfg = Debug|Any CPU
		{189FF034-2B70-459C-8118-EC755F2B08EE}.Debug|Any CPU.Build.0 = Debug|Any CPU
		{189FF034-2B70-459C-8118-EC755F2B08EE}.Release|Any CPU.ActiveCfg = Release|Any CPU
		{189FF034-2B70-459C-8118-EC755F2B08EE}.Release|Any CPU.Build.0 = Release|Any CPU
	EndGlobalSection
	GlobalSection(SolutionProperties) = preSolution
		HideSolutionNode = FALSE
	EndGlobalSection
	GlobalSection(ExtensibilityGlobals) = postSolution
		SolutionGuid = {6FF85303-9E2E-44F6-807C-D007EDBE8898}
	EndGlobalSection
EndGlobal
