
Microsoft Visual Studio Solution File, Format Version 12.00
# Visual Studio Version 16
VisualStudioVersion = 16.0.29728.190
MinimumVisualStudioVersion = 10.0.40219.1
Project("{FAE04EC0-301F-11D3-BF4B-00C04F79EFBC}") = "Bagels", "Bagels\Bagels.csproj", "{37D345E9-AA51-4CFF-8B88-67BD5EE56F86}"
EndProject
Global
	GlobalSection(SolutionConfigurationPlatforms) = preSolution
		Debug|Any CPU = Debug|Any CPU
		Release|Any CPU = Release|Any CPU
	EndGlobalSection
	GlobalSection(ProjectConfigurationPlatforms) = postSolution
		{37D345E9-AA51-4CFF-8B88-67BD5EE56F86}.Debug|Any CPU.ActiveCfg = Debug|Any CPU
		{37D345E9-AA51-4CFF-8B88-67BD5EE56F86}.Debug|Any CPU.Build.0 = Debug|Any CPU
		{37D345E9-AA51-4CFF-8B88-67BD5EE56F86}.Release|Any CPU.ActiveCfg = Release|Any CPU
		{37D345E9-AA51-4CFF-8B88-67BD5EE56F86}.Release|Any CPU.Build.0 = Release|Any CPU
	EndGlobalSection
	GlobalSection(SolutionProperties) = preSolution
		HideSolutionNode = FALSE
	EndGlobalSection
	GlobalSection(ExtensibilityGlobals) = postSolution
		SolutionGuid = {6EB21725-A681-4B81-812C-46AE37395FB0}
	EndGlobalSection
EndGlobal
